# THIS IS AN AUTOGENERATED FILE. DO NOT EDIT THIS FILE DIRECTLY.
# yarn lockfile v1


"@socket.io/component-emitter@~3.1.0":
  version "3.1.0"
  resolved "https://registry.yarnpkg.com/@socket.io/component-emitter/-/component-emitter-3.1.0.tgz#96116f2a912e0c02817345b3c10751069920d553"
  integrity sha512-+9jVqKhRSpsc591z5vX+X5Yyw+he/HCB4iQ/RYxw35CEPaY1gnsNE43nf9n9AaYjAQrTiI/mOwKUKdUs9vf7Xg==

"@types/cookie@^0.4.1":
  version "0.4.1"
  resolved "https://registry.yarnpkg.com/@types/cookie/-/cookie-0.4.1.tgz#bfd02c1f2224567676c1545199f87c3a861d878d"
  integrity sha512-XW/Aa8APYr6jSVVA1y/DEIZX0/GMKLEVekNG727R8cs56ahETkRAy/3DR7+fJyh7oUgGwNQaRfXCun0+KbWY7Q==

"@types/cors@^2.8.12":
  version "2.8.12"
  resolved "https://registry.yarnpkg.com/@types/cors/-/cors-2.8.12.tgz#6b2c510a7ad7039e98e7b8d3d6598f4359e5c080"
  integrity sha512-vt+kDhq/M2ayberEtJcIN/hxXy1Pk+59g2FV/ZQceeaTyCtCucjL2Q7FXlFjtWn4n15KCr1NE2lNNFhp0lEThw==

"@types/node@>=10.0.0":
  version "18.8.3"
  resolved "https://registry.yarnpkg.com/@types/node/-/node-18.8.3.tgz#ce750ab4017effa51aed6a7230651778d54e327c"
  integrity sha512-0os9vz6BpGwxGe9LOhgP/ncvYN5Tx1fNcd2TM3rD/aCGBkysb+ZWpXEocG24h6ZzOi13+VB8HndAQFezsSOw1w==

abstract-level@^1.0.2:
  version "1.0.3"
  resolved "https://registry.yarnpkg.com/abstract-level/-/abstract-level-1.0.3.tgz#78a67d3d84da55ee15201486ab44c09560070741"
  integrity sha512-t6jv+xHy+VYwc4xqZMn2Pa9DjcdzvzZmQGRjTFc8spIbRGHgBrEKbPq+rYXc7CCo0lxgYvSgKVg9qZAhpVQSjA==
  dependencies:
    buffer "^6.0.3"
    catering "^2.1.0"
    is-buffer "^2.0.5"
    level-supports "^4.0.0"
    level-transcoder "^1.0.1"
    module-error "^1.0.1"
    queue-microtask "^1.2.3"

accepts@~1.3.4:
  version "1.3.8"
  resolved "https://registry.yarnpkg.com/accepts/-/accepts-1.3.8.tgz#0bf0be125b67014adcb0b0921e62db7bffe16b2e"
  integrity sha512-PYAthTa2m2VKxuvSD3DPC/Gy+U+sOA1LAuT8mkmRuvw+NACSaeXEQ+NHcVF7rONl6qcaxV3Uuemwawk+7+SJLw==
  dependencies:
    mime-types "~2.1.34"
    negotiator "0.6.3"

base64-js@^1.3.1:
  version "1.5.1"
  resolved "https://registry.yarnpkg.com/base64-js/-/base64-js-1.5.1.tgz#1b1b440160a5bf7ad40b650f095963481903930a"
  integrity sha512-AKpaYlHn8t4SVbOHCy+b5+KKgvR4vrsD8vbvrbiQJps7fKDTkjkDry6ji0rUJjC0kzbNePLwzxq8iypo41qeWA==

base64id@2.0.0, base64id@~2.0.0:
  version "2.0.0"
  resolved "https://registry.yarnpkg.com/base64id/-/base64id-2.0.0.tgz#2770ac6bc47d312af97a8bf9a634342e0cd25cb6"
  integrity sha512-lGe34o6EHj9y3Kts9R4ZYs/Gr+6N7MCaMlIFA3F1R2O5/m7K06AxfSeO5530PEERE6/WyEg3lsuyw4GHlPZHog==

bintrees@~0.0.7:
  version "0.0.10"
  resolved "https://registry.yarnpkg.com/bintrees/-/bintrees-0.0.10.tgz#95496cf4b6ebcd04428656310197cea86bf5e94b"
  integrity sha512-BkR37mfNUjTN36dENR1V6BlW8rqzpJnqCBhe2ZtWXJ1UgTVPHIlWSfYX7Ap/FlAgl7XWRr3mG4eR2LFnezBG1g==

browser-level@^1.0.1:
  version "1.0.1"
  resolved "https://registry.yarnpkg.com/browser-level/-/browser-level-1.0.1.tgz#36e8c3183d0fe1c405239792faaab5f315871011"
  integrity sha512-XECYKJ+Dbzw0lbydyQuJzwNXtOpbMSq737qxJN11sIRTErOMShvDpbzTlgju7orJKvx4epULolZAuJGLzCmWRQ==
  dependencies:
    abstract-level "^1.0.2"
    catering "^2.1.1"
    module-error "^1.0.2"
    run-parallel-limit "^1.1.0"

bson@0.1.8:
  version "0.1.8"
  resolved "https://registry.yarnpkg.com/bson/-/bson-0.1.8.tgz#cf34fdcff081a189b589b4b3e5e9309cd6506c81"
  integrity sha512-Zen/6PF3Mox895jY2kVBC8m/zbApUgUoGwQ7p+UqdcByls5aYNgE4CrpXgycsPcMio+wto6nRvhJlJuZr5hxBw==

bson@~0.1.5:
  version "0.1.9"
  resolved "https://registry.yarnpkg.com/bson/-/bson-0.1.9.tgz#7528f81ed770e6d630ca8c2ccdf5394a4096db14"
  integrity sha512-HlvXnohuuxlb/AzILVZFgGBO7658NPddPn1Q8PRC6ANHoPZKJotU0WG9+PoMjO7ZFM/e+jKbqOstXJLyIhSOgA==

buffer@^6.0.3:
  version "6.0.3"
  resolved "https://registry.yarnpkg.com/buffer/-/buffer-6.0.3.tgz#2ace578459cc8fbe2a70aaa8f52ee63b6a74c6c6"
  integrity sha512-FTiCpNxtwiZZHEZbcbTIcZjERVICn9yq/pDFkTl95/AxzD1naBctN7YO68riM/gLSDY7sdrMby8hofADYuuqOA==
  dependencies:
    base64-js "^1.3.1"
    ieee754 "^1.2.1"

catering@^2.1.0, catering@^2.1.1:
  version "2.1.1"
  resolved "https://registry.yarnpkg.com/catering/-/catering-2.1.1.tgz#66acba06ed5ee28d5286133982a927de9a04b510"
  integrity sha512-K7Qy8O9p76sL3/3m7/zLKbRkyOlSZAgzEaLhyj2mXS8PsCud2Eo4hAb8aLtZqHh0QGqLcb9dlJSu6lHRVENm1w==

classic-level@^1.2.0:
  version "1.2.0"
  resolved "https://registry.yarnpkg.com/classic-level/-/classic-level-1.2.0.tgz#2d52bdec8e7a27f534e67fdeb890abef3e643c27"
  integrity sha512-qw5B31ANxSluWz9xBzklRWTUAJ1SXIdaVKTVS7HcTGKOAmExx65Wo5BUICW+YGORe2FOUaDghoI9ZDxj82QcFg==
  dependencies:
    abstract-level "^1.0.2"
    catering "^2.1.0"
    module-error "^1.0.1"
    napi-macros "~2.0.0"
    node-gyp-build "^4.3.0"

cookie@~0.4.1:
  version "0.4.2"
  resolved "https://registry.yarnpkg.com/cookie/-/cookie-0.4.2.tgz#0e41f24de5ecf317947c82fc789e06a884824432"
  integrity sha512-aSWTXFzaKWkvHO1Ny/s+ePFpvKsPnjc551iI41v3ny/ow6tBG5Vd+FuqGNhh1LxOmVzOlGUriIlOaokOvhaStA==

cors@~2.8.5:
  version "2.8.5"
  resolved "https://registry.yarnpkg.com/cors/-/cors-2.8.5.tgz#eac11da51592dd86b9f06f6e7ac293b3df875d29"
  integrity sha512-KIHbLJqu73RGr/hnbrO9uBeixNGuvSQjul/jdFvS/KFSIH1hWVd1ng7zOHx+YrEfInLG7q4n6GHQ9cDtxv/P6g==
  dependencies:
    object-assign "^4"
    vary "^1"

debug@~4.3.1, debug@~4.3.2:
  version "4.3.4"
  resolved "https://registry.yarnpkg.com/debug/-/debug-4.3.4.tgz#1319f6579357f2338d3337d2cdd4914bb5dcc865"
  integrity sha512-PRWFHuSU3eDtQJPvnNY7Jcket1j0t5OuOsFzPPzsekD52Zl8qUfFIPEiswXqIvHWGVHOgX+7G/vCNNhehwxfkQ==
  dependencies:
    ms "2.1.2"

engine.io-parser@~5.0.3:
  version "5.0.4"
  resolved "https://registry.yarnpkg.com/engine.io-parser/-/engine.io-parser-5.0.4.tgz#0b13f704fa9271b3ec4f33112410d8f3f41d0fc0"
  integrity sha512-+nVFp+5z1E3HcToEnO7ZIj3g+3k9389DvWtvJZz0T6/eOCPIyyxehFcedoYrZQrp0LgQbD9pPXhpMBKMd5QURg==

engine.io@~6.2.0:
  version "6.2.0"
  resolved "https://registry.yarnpkg.com/engine.io/-/engine.io-6.2.0.tgz#003bec48f6815926f2b1b17873e576acd54f41d0"
  integrity sha512-4KzwW3F3bk+KlzSOY57fj/Jx6LyRQ1nbcyIadehl+AnXjKT7gDO0ORdRi/84ixvMKTym6ZKuxvbzN62HDDU1Lg==
  dependencies:
    "@types/cookie" "^0.4.1"
    "@types/cors" "^2.8.12"
    "@types/node" ">=10.0.0"
    accepts "~1.3.4"
    base64id "2.0.0"
    cookie "~0.4.1"
    cors "~2.8.5"
    debug "~4.3.1"
    engine.io-parser "~5.0.3"
    ws "~8.2.3"

"game@workspace:game@*":
  version "1.0.3"
  resolved "https://registry.yarnpkg.com/game/-/game-1.0.3.tgz#58fd56b59333a602144509b9adaeed5ce53af547"
  integrity sha512-bcUubwZ21jgnVdCz9QY9ddIIhi1OwzZBa8jiUhEHCAvS8rsGR6W6BSSXFCK5Fzk9tDznQtbUgbm4ZtERBk8zlw==

ieee754@^1.2.1:
  version "1.2.1"
  resolved "https://registry.yarnpkg.com/ieee754/-/ieee754-1.2.1.tgz#8eb7a10a63fff25d15a57b001586d177d1b0d352"
  integrity sha512-dcyqhDvX1C46lXZcVqCpK+FtMRQVdIMN6/Df5js2zouUsqG7I6sFxitIC+7KYK29KdXOLHdu9zL4sFnoVQnqaA==

is-buffer@^2.0.5:
  version "2.0.5"
  resolved "https://registry.yarnpkg.com/is-buffer/-/is-buffer-2.0.5.tgz#ebc252e400d22ff8d77fa09888821a24a658c191"
  integrity sha512-i2R6zNFDwgEHJyQUtJEk0XFi1i0dPFn/oqjK3/vPCcDeJvW5NQ83V8QbicfF1SupOaB0h8ntgBC2YiE7dfyctQ==

level-supports@^4.0.0:
  version "4.0.1"
  resolved "https://registry.yarnpkg.com/level-supports/-/level-supports-4.0.1.tgz#431546f9d81f10ff0fea0e74533a0e875c08c66a"
  integrity sha512-PbXpve8rKeNcZ9C1mUicC9auIYFyGpkV9/i6g76tLgANwWhtG2v7I4xNBUlkn3lE2/dZF3Pi0ygYGtLc4RXXdA==

level-transcoder@^1.0.1:
  version "1.0.1"
  resolved "https://registry.yarnpkg.com/level-transcoder/-/level-transcoder-1.0.1.tgz#f8cef5990c4f1283d4c86d949e73631b0bc8ba9c"
  integrity sha512-t7bFwFtsQeD8cl8NIoQ2iwxA0CL/9IFw7/9gAjOonH0PWTTiRfY7Hq+Ejbsxh86tXobDQ6IOiddjNYIfOBs06w==
  dependencies:
    buffer "^6.0.3"
    module-error "^1.0.1"

level@^8.0.0:
  version "8.0.0"
  resolved "https://registry.yarnpkg.com/level/-/level-8.0.0.tgz#41b4c515dabe28212a3e881b61c161ffead14394"
  integrity sha512-ypf0jjAk2BWI33yzEaaotpq7fkOPALKAgDBxggO6Q9HGX2MRXn0wbP1Jn/tJv1gtL867+YOjOB49WaUF3UoJNQ==
  dependencies:
    browser-level "^1.0.1"
    classic-level "^1.2.0"

mime-db@1.52.0:
  version "1.52.0"
  resolved "https://registry.yarnpkg.com/mime-db/-/mime-db-1.52.0.tgz#bbabcdc02859f4987301c856e3387ce5ec43bf70"
  integrity sha512-sPU4uV7dYlvtWJxwwxHD0PuihVNiE7TyAbQ5SWxDCB9mUYvOgroQOwYQQOKPJ8CIbE+1ETVlOoK1UC2nU3gYvg==

mime-types@~2.1.34:
  version "2.1.35"
  resolved "https://registry.yarnpkg.com/mime-types/-/mime-types-2.1.35.tgz#381a871b62a734450660ae3deee44813f70d959a"
  integrity sha512-ZDY+bPm5zTTF+YpCrAU9nK0UgICYPT0QtT1NZWFv4s++TNkcgVaT0g6+4R2uI4MjQjzysHB1zxuWL50hzaeXiw==
  dependencies:
    mime-db "1.52.0"

module-error@^1.0.1, module-error@^1.0.2:
  version "1.0.2"
  resolved "https://registry.yarnpkg.com/module-error/-/module-error-1.0.2.tgz#8d1a48897ca883f47a45816d4fb3e3c6ba404d86"
  integrity sha512-0yuvsqSCv8LbaOKhnsQ/T5JhyFlCYLPXK3U2sgV10zoKQwzs/MyfuQUOZQ1V/6OCOJsK/TRgNVrPuPDqtdMFtA==

mongodb@~1.2.9:
  version "1.2.14"
  resolved "https://registry.yarnpkg.com/mongodb/-/mongodb-1.2.14.tgz#269665552066437308d0942036646e6795c3a9a3"
  integrity sha512-6e+wAdsDC8LXAiDd8hyvs3PelKsJC/zIuNehU3FeI4JidhoYW2CG3jGTshg9MI8UKPrcyB8sqY0blpRFPYPLSg==
  dependencies:
    bson "0.1.8"

ms@2.1.2:
  version "2.1.2"
  resolved "https://registry.yarnpkg.com/ms/-/ms-2.1.2.tgz#d09d1f357b443f493382a8eb3ccd183872ae6009"
  integrity sha512-sGkPx+VjMtmA6MX27oA4FBFELFCZZ4S4XqeGOXCv68tT+jb3vk/RyaKWP0PTKyWtmLSM0b+adUTEvbs1PEaH2w==

napi-macros@~2.0.0:
  version "2.0.0"
  resolved "https://registry.yarnpkg.com/napi-macros/-/napi-macros-2.0.0.tgz#2b6bae421e7b96eb687aa6c77a7858640670001b"
  integrity sha512-A0xLykHtARfueITVDernsAWdtIMbOJgKgcluwENp3AlsKN/PloyO10HtmoqnFAQAcxPkgZN7wdfPfEd0zNGxbg==

negotiator@0.6.3:
  version "0.6.3"
  resolved "https://registry.yarnpkg.com/negotiator/-/negotiator-0.6.3.tgz#58e323a72fedc0d6f9cd4d31fe49f51479590ccd"
  integrity sha512-+EUsqGPLsM+j/zdChZjsnX51g4XrHFOIXwfnCVPGlQk/k5giakcKsuxCObBRu6DSm9opw/O6slWbJdghQM4bBg==

node-gyp-build@^4.3.0:
  version "4.5.0"
  resolved "https://registry.yarnpkg.com/node-gyp-build/-/node-gyp-build-4.5.0.tgz#7a64eefa0b21112f89f58379da128ac177f20e40"
  integrity sha512-2iGbaQBV+ITgCz76ZEjmhUKAKVf7xfY1sRl4UiKQspfZMH2h06SyhNsnSVy50cwkFQDGLyif6m/6uFXHkOZ6rg==

node-uuid@~1.3.3:
  version "1.3.3"
  resolved "https://registry.yarnpkg.com/node-uuid/-/node-uuid-1.3.3.tgz#d3db4d7b56810d9e4032342766282af07391729b"
  integrity sha512-xKQtL5imfvX6PvUmgJyU/XaNT/l8tKvs+sJ6KLOmIzk/H8+sm7uE80QlPmmu3l1uirvRL3kZqtJPWoQBWT9gQw==

object-assign@^4:
  version "4.1.1"
  resolved "https://registry.yarnpkg.com/object-assign/-/object-assign-4.1.1.tgz#2109adc7965887cfc05cbbd442cac8bfbb360863"
  integrity sha512-rJgTQnkUnH1sFw8yT6VSU3zD3sWmu6sZhIseY8VX+GRu3P6F7Fu+JNDoXfklElbLJSnc3FUQHVe4cU5hj+BcUg==

queue-microtask@^1.2.2, queue-microtask@^1.2.3:
  version "1.2.3"
  resolved "https://registry.yarnpkg.com/queue-microtask/-/queue-microtask-1.2.3.tgz#4929228bbc724dfac43e0efb058caf7b6cfb6243"
  integrity sha512-NuaNSa6flKT5JaSYQzJok04JzTL1CA6aGhv5rfLW3PgqA+M2ChpZQnAC8h8i4ZFkBS8X5RqkDBHA7r4hej3K9A==

run-parallel-limit@^1.1.0:
  version "1.1.0"
  resolved "https://registry.yarnpkg.com/run-parallel-limit/-/run-parallel-limit-1.1.0.tgz#be80e936f5768623a38a963262d6bef8ff11e7ba"
  integrity sha512-jJA7irRNM91jaKc3Hcl1npHsFLOXOoTkPCUL1JEa1R82O2miplXXRaGdjW/KM/98YQWDhJLiSs793CnXfblJUw==
  dependencies:
    queue-microtask "^1.2.2"

"shared@workspace:shared@*":
  version "0.2.0"
  resolved "https://registry.yarnpkg.com/shared/-/shared-0.2.0.tgz#b6d359a782cb6d20d097da957e92c8168c93eea2"
  integrity sha512-nRBVf7KHFkU4vmiKAhTaJUm8miFMcU6b5I98U71Kk6uu1RIBeRwWivnMXEQOQxTxObPhOSIQSBhuIT+O/urG3A==
  dependencies:
    bintrees "~0.0.7"
    bson "~0.1.5"
    mongodb "~1.2.9"
    node-uuid "~1.3.3"
    underscore "~1.4.0"

socket.io-adapter@~2.4.0:
  version "2.4.0"
  resolved "https://registry.yarnpkg.com/socket.io-adapter/-/socket.io-adapter-2.4.0.tgz#b50a4a9ecdd00c34d4c8c808224daa1a786152a6"
  integrity sha512-W4N+o69rkMEGVuk2D/cvca3uYsvGlMwsySWV447y99gUPghxq42BxqLNMndb+a1mm/5/7NeXVQS7RLa2XyXvYg==

socket.io-parser@~4.2.0:
  version "4.2.1"
  resolved "https://registry.yarnpkg.com/socket.io-parser/-/socket.io-parser-4.2.1.tgz#01c96efa11ded938dcb21cbe590c26af5eff65e5"
  integrity sha512-V4GrkLy+HeF1F/en3SpUaM+7XxYXpuMUWLGde1kSSh5nQMN4hLrbPIkD+otwh6q9R6NOQBN4AMaOZ2zVjui82g==
  dependencies:
    "@socket.io/component-emitter" "~3.1.0"
    debug "~4.3.1"

socket.io@^4.5.1:
  version "4.5.2"
  resolved "https://registry.yarnpkg.com/socket.io/-/socket.io-4.5.2.tgz#1eb25fd380ab3d63470aa8279f8e48d922d443ac"
  integrity sha512-6fCnk4ARMPZN448+SQcnn1u8OHUC72puJcNtSgg2xS34Cu7br1gQ09YKkO1PFfDn/wyUE9ZgMAwosJed003+NQ==
  dependencies:
    accepts "~1.3.4"
    base64id "~2.0.0"
    debug "~4.3.2"
    engine.io "~6.2.0"
    socket.io-adapter "~2.4.0"
    socket.io-parser "~4.2.0"

underscore@~1.4.0:
  version "1.4.4"
  resolved "https://registry.yarnpkg.com/underscore/-/underscore-1.4.4.tgz#61a6a32010622afa07963bf325203cf12239d604"
  integrity sha512-ZqGrAgaqqZM7LGRzNjLnw5elevWb5M8LEoDMadxIW3OWbcv72wMMgKdwOKpd5Fqxe8choLD8HN3iSj3TUh/giQ==

vary@^1:
  version "1.1.2"
  resolved "https://registry.yarnpkg.com/vary/-/vary-1.1.2.tgz#2299f02c6ded30d4a5961b0b9f74524a18f634fc"
  integrity sha512-BNGbWLfd0eUPabhkXUVm0j8uuvREyTh5ovRa/dyow/BqAbZJyC+5fU+IzQOzmAKzYqYRAISoRhdQr3eIZ/PXqg==

ws@~8.2.3:
  version "8.2.3"
  resolved "https://registry.yarnpkg.com/ws/-/ws-8.2.3.tgz#63a56456db1b04367d0b721a0b80cae6d8becbba"
  integrity sha512-wBuoj1BDpC6ZQ1B7DWQBYVLphPWkm8i9Y0/3YdHjHKHiohOJ1ws+3OccDWtH+PoC9DZD5WOTrJvNbWvjS6JWaA==
